
Microsoft Visual Studio Solution File, Format Version 12.00
# Visual Studio 15
VisualStudioVersion = 15.0.28307.1267
MinimumVisualStudioVersion = 10.0.40219.1
Project("{FAE04EC0-301F-11D3-BF4B-00C04F79EFBC}") = "AppTccVagalivre.Android", "AppTccVagalivre\AppTccVagalivre.Android\AppTccVagalivre.Android.csproj", "{48D3B106-054E-4445-BAE3-A5690586D1D6}"
EndProject
Project("{FAE04EC0-301F-11D3-BF4B-00C04F79EFBC}") = "AppTccVagalivre.iOS", "AppTccVagalivre\AppTccVagalivre.iOS\AppTccVagalivre.iOS.csproj", "{76C6171B-BCD7-4E01-A30A-DB3F4C9E0416}"
EndProject
Project("{FAE04EC0-301F-11D3-BF4B-00C04F79EFBC}") = "AppTccVagalivre", "AppTccVagalivre\AppTccVagalivre\AppTccVagalivre.csproj", "{4C4F32C8-8CE4-44F9-BCF2-6DDCDB6CFAC7}"
EndProject
Global
	GlobalSection(SolutionConfigurationPlatforms) = preSolution
		Ad-Hoc|Any CPU = Ad-Hoc|Any CPU
		Ad-Hoc|iPhone = Ad-Hoc|iPhone
		Ad-Hoc|iPhoneSimulator = Ad-Hoc|iPhoneSimulator
		AppStore|Any CPU = AppStore|Any CPU
		AppStore|iPhone = AppStore|iPhone
		AppStore|iPhoneSimulator = AppStore|iPhoneSimulator
		Debug|Any CPU = Debug|Any CPU
		Debug|iPhone = Debug|iPhone
		Debug|iPhoneSimulator = Debug|iPhoneSimulator
		Release|Any CPU = Release|Any CPU
		Release|iPhone = Release|iPhone
		Release|iPhoneSimulator = Release|iPhoneSimulator
	EndGlobalSection
	GlobalSection(ProjectConfigurationPlatforms) = postSolution
		{48D3B106-054E-4445-BAE3-A5690586D1D6}.Ad-Hoc|Any CPU.ActiveCfg = Release|Any CPU
		{48D3B106-054E-4445-BAE3-A5690586D1D6}.Ad-Hoc|Any CPU.Build.0 = Release|Any CPU
		{48D3B106-054E-4445-BAE3-A5690586D1D6}.Ad-Hoc|Any CPU.Deploy.0 = Release|Any CPU
		{48D3B106-054E-4445-BAE3-A5690586D1D6}.Ad-Hoc|iPhone.ActiveCfg = Release|Any CPU
		{48D3B106-054E-4445-BAE3-A5690586D1D6}.Ad-Hoc|iPhone.Build.0 = Release|Any CPU
		{48D3B106-054E-4445-BAE3-A5690586D1D6}.Ad-Hoc|iPhone.Deploy.0 = Release|Any CPU
		{48D3B106-054E-4445-BAE3-A5690586D1D6}.Ad-Hoc|iPhoneSimulator.ActiveCfg = Release|Any CPU
		{48D3B106-054E-4445-BAE3-A5690586D1D6}.Ad-Hoc|iPhoneSimulator.Build.0 = Release|Any CPU
		{48D3B106-054E-4445-BAE3-A5690586D1D6}.Ad-Hoc|iPhoneSimulator.Deploy.0 = Release|Any CPU
		{48D3B106-054E-4445-BAE3-A5690586D1D6}.AppStore|Any CPU.ActiveCfg = Release|Any CPU
		{48D3B106-054E-4445-BAE3-A5690586D1D6}.AppStore|Any CPU.Build.0 = Release|Any CPU
		{48D3B106-054E-4445-BAE3-A5690586D1D6}.AppStore|Any CPU.Deploy.0 = Release|Any CPU
		{48D3B106-054E-4445-BAE3-A5690586D1D6}.AppStore|iPhone.ActiveCfg = Release|Any CPU
		{48D3B106-054E-4445-BAE3-A5690586D1D6}.AppStore|iPhone.Build.0 = Release|Any CPU
		{48D3B106-054E-4445-BAE3-A5690586D1D6}.AppStore|iPhone.Deploy.0 = Release|Any CPU
		{48D3B106-054E-4445-BAE3-A5690586D1D6}.AppStore|iPhoneSimulator.ActiveCfg = Release|Any CPU
		{48D3B106-054E-4445-BAE3-A5690586D1D6}.AppStore|iPhoneSimulator.Build.0 = Release|Any CPU
		{48D3B106-054E-4445-BAE3-A5690586D1D6}.AppStore|iPhoneSimulator.Deploy.0 = Release|Any CPU
		{48D3B106-054E-4445-BAE3-A5690586D1D6}.Debug|Any CPU.ActiveCfg = Debug|Any CPU
		{48D3B106-054E-4445-BAE3-A5690586D1D6}.Debug|Any CPU.Build.0 = Debug|Any CPU
		{48D3B106-054E-4445-BAE3-A5690586D1D6}.Debug|Any CPU.Deploy.0 = Debug|Any CPU
		{48D3B106-054E-4445-BAE3-A5690586D1D6}.Debug|iPhone.ActiveCfg = Debug|Any CPU
		{48D3B106-054E-4445-BAE3-A5690586D1D6}.Debug|iPhone.Build.0 = Debug|Any CPU
		{48D3B106-054E-4445-BAE3-A5690586D1D6}.Debug|iPhone.Deploy.0 = Debug|Any CPU
		{48D3B106-054E-4445-BAE3-A5690586D1D6}.Debug|iPhoneSimulator.ActiveCfg = Debug|Any CPU
		{48D3B106-054E-4445-BAE3-A5690586D1D6}.Debug|iPhoneSimulator.Build.0 = Debug|Any CPU
		{48D3B106-054E-4445-BAE3-A5690586D1D6}.Debug|iPhoneSimulator.Deploy.0 = Debug|Any CPU
		{48D3B106-054E-4445-BAE3-A5690586D1D6}.Release|Any CPU.ActiveCfg = Release|Any CPU
		{48D3B106-054E-4445-BAE3-A5690586D1D6}.Release|Any CPU.Build.0 = Release|Any CPU
		{48D3B106-054E-4445-BAE3-A5690586D1D6}.Release|Any CPU.Deploy.0 = Release|Any CPU
		{48D3B106-054E-4445-BAE3-A5690586D1D6}.Release|iPhone.ActiveCfg = Release|Any CPU
		{48D3B106-054E-4445-BAE3-A5690586D1D6}.Release|iPhone.Build.0 = Release|Any CPU
		{48D3B106-054E-4445-BAE3-A5690586D1D6}.Release|iPhone.Deploy.0 = Release|Any CPU
		{48D3B106-054E-4445-BAE3-A5690586D1D6}.Release|iPhoneSimulator.ActiveCfg = Release|Any CPU
		{48D3B106-054E-4445-BAE3-A5690586D1D6}.Release|iPhoneSimulator.Build.0 = Release|Any CPU
		{48D3B106-054E-4445-BAE3-A5690586D1D6}.Release|iPhoneSimulator.Deploy.0 = Release|Any CPU
		{76C6171B-BCD7-4E01-A30A-DB3F4C9E0416}.Ad-Hoc|Any CPU.ActiveCfg = Ad-Hoc|iPhone
		{76C6171B-BCD7-4E01-A30A-DB3F4C9E0416}.Ad-Hoc|Any CPU.Build.0 = Ad-Hoc|iPhone
		{76C6171B-BCD7-4E01-A30A-DB3F4C9E0416}.Ad-Hoc|Any CPU.Deploy.0 = Ad-Hoc|iPhone
		{76C6171B-BCD7-4E01-A30A-DB3F4C9E0416}.Ad-Hoc|iPhone.ActiveCfg = Ad-Hoc|iPhone
		{76C6171B-BCD7-4E01-A30A-DB3F4C9E0416}.Ad-Hoc|iPhone.Build.0 = Ad-Hoc|iPhone
		{76C6171B-BCD7-4E01-A30A-DB3F4C9E0416}.Ad-Hoc|iPhone.Deploy.0 = Ad-Hoc|iPhone
		{76C6171B-BCD7-4E01-A30A-DB3F4C9E0416}.Ad-Hoc|iPhoneSimulator.ActiveCfg = Ad-Hoc|iPhoneSimulator
		{76C6171B-BCD7-4E01-A30A-DB3F4C9E0416}.Ad-Hoc|iPhoneSimulator.Build.0 = Ad-Hoc|iPhoneSimulator
		{76C6171B-BCD7-4E01-A30A-DB3F4C9E0416}.Ad-Hoc|iPhoneSimulator.Deploy.0 = Ad-Hoc|iPhoneSimulator
		{76C6171B-BCD7-4E01-A30A-DB3F4C9E0416}.AppStore|Any CPU.ActiveCfg = AppStore|iPhone
		{76C6171B-BCD7-4E01-A30A-DB3F4C9E0416}.AppStore|Any CPU.Build.0 = AppStore|iPhone
		{76C6171B-BCD7-4E01-A30A-DB3F4C9E0416}.AppStore|Any CPU.Deploy.0 = AppStore|iPhone
		{76C6171B-BCD7-4E01-A30A-DB3F4C9E0416}.AppStore|iPhone.ActiveCfg = AppStore|iPhone
		{76C6171B-BCD7-4E01-A30A-DB3F4C9E0416}.AppStore|iPhone.Build.0 = AppStore|iPhone
		{76C6171B-BCD7-4E01-A30A-DB3F4C9E0416}.AppStore|iPhone.Deploy.0 = AppStore|iPhone
		{76C6171B-BCD7-4E01-A30A-DB3F4C9E0416}.AppStore|iPhoneSimulator.ActiveCfg = AppStore|iPhoneSimulator
		{76C6171B-BCD7-4E01-A30A-DB3F4C9E0416}.AppStore|iPhoneSimulator.Build.0 = AppStore|iPhoneSimulator
		{76C6171B-BCD7-4E01-A30A-DB3F4C9E0416}.AppStore|iPhoneSimulator.Deploy.0 = AppStore|iPhoneSimulator
		{76C6171B-BCD7-4E01-A30A-DB3F4C9E0416}.Debug|Any CPU.ActiveCfg = Debug|iPhoneSimulator
		{76C6171B-BCD7-4E01-A30A-DB3F4C9E0416}.Debug|Any CPU.Build.0 = Debug|iPhoneSimulator
		{76C6171B-BCD7-4E01-A30A-DB3F4C9E0416}.Debug|Any CPU.Deploy.0 = Debug|iPhoneSimulator
		{76C6171B-BCD7-4E01-A30A-DB3F4C9E0416}.Debug|iPhone.ActiveCfg = Debug|iPhone
		{76C6171B-BCD7-4E01-A30A-DB3F4C9E0416}.Debug|iPhone.Build.0 = Debug|iPhone
		{76C6171B-BCD7-4E01-A30A-DB3F4C9E0416}.Debug|iPhone.Deploy.0 = Debug|iPhone
		{76C6171B-BCD7-4E01-A30A-DB3F4C9E0416}.Debug|iPhoneSimulator.ActiveCfg = Debug|iPhoneSimulator
		{76C6171B-BCD7-4E01-A30A-DB3F4C9E0416}.Debug|iPhoneSimulator.Build.0 = Debug|iPhoneSimulator
		{76C6171B-BCD7-4E01-A30A-DB3F4C9E0416}.Debug|iPhoneSimulator.Deploy.0 = Debug|iPhoneSimulator
		{76C6171B-BCD7-4E01-A30A-DB3F4C9E0416}.Release|Any CPU.ActiveCfg = Release|iPhone
		{76C6171B-BCD7-4E01-A30A-DB3F4C9E0416}.Release|Any CPU.Build.0 = Release|iPhone
		{76C6171B-BCD7-4E01-A30A-DB3F4C9E0416}.Release|Any CPU.Deploy.0 = Release|iPhone
		{76C6171B-BCD7-4E01-A30A-DB3F4C9E0416}.Release|iPhone.ActiveCfg = Release|iPhone
		{76C6171B-BCD7-4E01-A30A-DB3F4C9E0416}.Release|iPhone.Build.0 = Release|iPhone
		{76C6171B-BCD7-4E01-A30A-DB3F4C9E0416}.Release|iPhone.Deploy.0 = Release|iPhone
		{76C6171B-BCD7-4E01-A30A-DB3F4C9E0416}.Release|iPhoneSimulator.ActiveCfg = Release|iPhoneSimulator
		{76C6171B-BCD7-4E01-A30A-DB3F4C9E0416}.Release|iPhoneSimulator.Build.0 = Release|iPhoneSimulator
		{76C6171B-BCD7-4E01-A30A-DB3F4C9E0416}.Release|iPhoneSimulator.Deploy.0 = Release|iPhoneSimulator
		{4C4F32C8-8CE4-44F9-BCF2-6DDCDB6CFAC7}.Ad-Hoc|Any CPU.ActiveCfg = Debug|Any CPU
		{4C4F32C8-8CE4-44F9-BCF2-6DDCDB6CFAC7}.Ad-Hoc|Any CPU.Build.0 = Debug|Any CPU
		{4C4F32C8-8CE4-44F9-BCF2-6DDCDB6CFAC7}.Ad-Hoc|Any CPU.Deploy.0 = Debug|Any CPU
		{4C4F32C8-8CE4-44F9-BCF2-6DDCDB6CFAC7}.Ad-Hoc|iPhone.ActiveCfg = Debug|Any CPU
		{4C4F32C8-8CE4-44F9-BCF2-6DDCDB6CFAC7}.Ad-Hoc|iPhone.Build.0 = Debug|Any CPU
		{4C4F32C8-8CE4-44F9-BCF2-6DDCDB6CFAC7}.Ad-Hoc|iPhone.Deploy.0 = Debug|Any CPU
		{4C4F32C8-8CE4-44F9-BCF2-6DDCDB6CFAC7}.Ad-Hoc|iPhoneSimulator.ActiveCfg = Debug|Any CPU
		{4C4F32C8-8CE4-44F9-BCF2-6DDCDB6CFAC7}.Ad-Hoc|iPhoneSimulator.Build.0 = Debug|Any CPU
		{4C4F32C8-8CE4-44F9-BCF2-6DDCDB6CFAC7}.Ad-Hoc|iPhoneSimulator.Deploy.0 = Debug|Any CPU
		{4C4F32C8-8CE4-44F9-BCF2-6DDCDB6CFAC7}.AppStore|Any CPU.ActiveCfg = Debug|Any CPU
		{4C4F32C8-8CE4-44F9-BCF2-6DDCDB6CFAC7}.AppStore|Any CPU.Build.0 = Debug|Any CPU
		{4C4F32C8-8CE4-44F9-BCF2-6DDCDB6CFAC7}.AppStore|Any CPU.Deploy.0 = Debug|Any CPU
		{4C4F32C8-8CE4-44F9-BCF2-6DDCDB6CFAC7}.AppStore|iPhone.ActiveCfg = Debug|Any CPU
		{4C4F32C8-8CE4-44F9-BCF2-6DDCDB6CFAC7}.AppStore|iPhone.Build.0 = Debug|Any CPU
		{4C4F32C8-8CE4-44F9-BCF2-6DDCDB6CFAC7}.AppStore|iPhone.Deploy.0 = Debug|Any CPU
		{4C4F32C8-8CE4-44F9-BCF2-6DDCDB6CFAC7}.AppStore|iPhoneSimulator.ActiveCfg = Debug|Any CPU
		{4C4F32C8-8CE4-44F9-BCF2-6DDCDB6CFAC7}.AppStore|iPhoneSimulator.Build.0 = Debug|Any CPU
		{4C4F32C8-8CE4-44F9-BCF2-6DDCDB6CFAC7}.AppStore|iPhoneSimulator.Deploy.0 = Debug|Any CPU
		{4C4F32C8-8CE4-44F9-BCF2-6DDCDB6CFAC7}.Debug|Any CPU.ActiveCfg = Debug|Any CPU
		{4C4F32C8-8CE4-44F9-BCF2-6DDCDB6CFAC7}.Debug|Any CPU.Build.0 = Debug|Any CPU
		{4C4F32C8-8CE4-44F9-BCF2-6DDCDB6CFAC7}.Debug|Any CPU.Deploy.0 = Debug|Any CPU
		{4C4F32C8-8CE4-44F9-BCF2-6DDCDB6CFAC7}.Debug|iPhone.ActiveCfg = Debug|Any CPU
		{4C4F32C8-8CE4-44F9-BCF2-6DDCDB6CFAC7}.Debug|iPhone.Build.0 = Debug|Any CPU
		{4C4F32C8-8CE4-44F9-BCF2-6DDCDB6CFAC7}.Debug|iPhone.Deploy.0 = Debug|Any CPU
		{4C4F32C8-8CE4-44F9-BCF2-6DDCDB6CFAC7}.Debug|iPhoneSimulator.ActiveCfg = Debug|Any CPU
		{4C4F32C8-8CE4-44F9-BCF2-6DDCDB6CFAC7}.Debug|iPhoneSimulator.Build.0 = Debug|Any CPU
		{4C4F32C8-8CE4-44F9-BCF2-6DDCDB6CFAC7}.Debug|iPhoneSimulator.Deploy.0 = Debug|Any CPU
		{4C4F32C8-8CE4-44F9-BCF2-6DDCDB6CFAC7}.Release|Any CPU.ActiveCfg = Release|Any CPU
		{4C4F32C8-8CE4-44F9-BCF2-6DDCDB6CFAC7}.Release|Any CPU.Build.0 = Release|Any CPU
		{4C4F32C8-8CE4-44F9-BCF2-6DDCDB6CFAC7}.Release|Any CPU.Deploy.0 = Release|Any CPU
		{4C4F32C8-8CE4-44F9-BCF2-6DDCDB6CFAC7}.Release|iPhone.ActiveCfg = Release|Any CPU
		{4C4F32C8-8CE4-44F9-BCF2-6DDCDB6CFAC7}.Release|iPhone.Build.0 = Release|Any CPU
		{4C4F32C8-8CE4-44F9-BCF2-6DDCDB6CFAC7}.Release|iPhone.Deploy.0 = Release|Any CPU
		{4C4F32C8-8CE4-44F9-BCF2-6DDCDB6CFAC7}.Release|iPhoneSimulator.ActiveCfg = Release|Any CPU
		{4C4F32C8-8CE4-44F9-BCF2-6DDCDB6CFAC7}.Release|iPhoneSimulator.Build.0 = Release|Any CPU
		{4C4F32C8-8CE4-44F9-BCF2-6DDCDB6CFAC7}.Release|iPhoneSimulator.Deploy.0 = Release|Any CPU
	EndGlobalSection
	GlobalSection(SolutionProperties) = preSolution
		HideSolutionNode = FALSE
	EndGlobalSection
	GlobalSection(ExtensibilityGlobals) = postSolution
		SolutionGuid = {3E7EA2F2-54C7-4109-B1E1-3F668686F120}
	EndGlobalSection
EndGlobal
